
Microsoft Visual Studio Solution File, Format Version 12.00
# Visual Studio 2012
Project("{FAE04EC0-301F-11D3-BF4B-00C04F79EFBC}") = "MultiTouchSamples", "MultiTouchSamples\MultiTouchSamples.csproj", "{B643516F-3CDE-4D98-A86C-C319C7E00F39}"
EndProject
Global
	GlobalSection(SolutionConfigurationPlatforms) = preSolution
		Debug|Any CPU = Debug|Any CPU
		Release|Any CPU = Release|Any CPU
	EndGlobalSection
	GlobalSection(ProjectConfigurationPlatforms) = postSolution
		{B643516F-3CDE-4D98-A86C-C319C7E00F39}.Debug|Any CPU.ActiveCfg = Debug|Any CPU
		{B643516F-3CDE-4D98-A86C-C319C7E00F39}.Debug|Any CPU.Build.0 = Debug|Any CPU
		{B643516F-3CDE-4D98-A86C-C319C7E00F39}.Release|Any CPU.ActiveCfg = Release|Any CPU
		{B643516F-3CDE-4D98-A86C-C319C7E00F39}.Release|Any CPU.Build.0 = Release|Any CPU
	EndGlobalSection
	GlobalSection(SolutionProperties) = preSolution
		HideSolutionNode = FALSE
	EndGlobalSection
EndGlobal
